# THIS IS AN AUTOGENERATED FILE. DO NOT EDIT THIS FILE DIRECTLY.
# yarn lockfile v1


"@types/ffmpeg@^1.0.1":
  version "1.0.1"
  resolved "https://registry.yarnpkg.com/@types/ffmpeg/-/ffmpeg-1.0.1.tgz#da22e70ab034e305d4a9a049dd8b0ba141930e2c"
  integrity sha512-SRzBbWcMBuiGKxxzyY9Ru8884tMvjsO+XokXq8/fd+qRWcV30VMsv/prZRFObXbZC3YTYJeMlla2pWp+d1+MsQ==

"@types/fluent-ffmpeg@^2.1.16":
  version "2.1.16"
  resolved "https://registry.yarnpkg.com/@types/fluent-ffmpeg/-/fluent-ffmpeg-2.1.16.tgz#63949b0cb6bc88c9157a579cdd80858a269f3a3a"
  integrity sha512-1FTstm6xY/2WsJVt6ARV7CiJjNCQDlR/nfw6xuYk5ITbVjk7sw89Biyqm2DGW4c3aZ3vBx+5irZvsql4eybpoQ==
  dependencies:
    "@types/node" "*"

"@types/node@*":
  version "14.14.6"
  resolved "https://registry.yarnpkg.com/@types/node/-/node-14.14.6.tgz#146d3da57b3c636cc0d1769396ce1cfa8991147f"
  integrity sha512-6QlRuqsQ/Ox/aJEQWBEJG7A9+u7oSYl3mem/K8IzxXG/kAGbV1YPD9Bg9Zw3vyxC/YP+zONKwy8hGkSt1jxFMw==

async@>=0.2.9:
  version "3.2.0"
  resolved "https://registry.yarnpkg.com/async/-/async-3.2.0.tgz#b3a2685c5ebb641d3de02d161002c60fc9f85720"
  integrity sha512-TR2mEZFVOj2pLStYxLht7TyfuRzaydfpxr3k9RpHIzMgw7A64dzsdqCxH1WJyQdoe8T10nDXd9wnEigmiuHIZw==

camelcase@^5.0.0:
  version "5.3.1"
  resolved "https://registry.yarnpkg.com/camelcase/-/camelcase-5.3.1.tgz#e3c9b31569e106811df242f715725a1f4c494320"
  integrity sha512-L28STB170nwWS63UjtlEOE3dldQApaJXZkOI1uMFfzf3rRuPegHaHesyee+YxQ+W6SvRDQV6UrdOdRiR153wJg==

ffmpeg@^0.0.4:
  version "0.0.4"
  resolved "https://registry.yarnpkg.com/ffmpeg/-/ffmpeg-0.0.4.tgz#1c460df8e7da5127f62ceef4bfa06c59c89630cb"
  integrity sha1-HEYN+OfaUSf2LO70v6BsWciWMMs=
  dependencies:
    when ">= 0.0.1"

fluent-ffmpeg@^2.1.2:
  version "2.1.2"
  resolved "https://registry.yarnpkg.com/fluent-ffmpeg/-/fluent-ffmpeg-2.1.2.tgz#c952de2240f812ebda0aa8006d7776ee2acf7d74"
  integrity sha1-yVLeIkD4EuvaCqgAbXd27irPfXQ=
  dependencies:
    async ">=0.2.9"
    which "^1.1.1"

isexe@^2.0.0:
  version "2.0.0"
  resolved "https://registry.yarnpkg.com/isexe/-/isexe-2.0.0.tgz#e8fbf374dc556ff8947a10dcb0572d633f2cfa10"
  integrity sha1-6PvzdNxVb/iUehDcsFctYz8s+hA=

react-icons@^3.11.0:
  version "3.11.0"
  resolved "https://registry.yarnpkg.com/react-icons/-/react-icons-3.11.0.tgz#2ca2903dfab8268ca18ebd8cc2e879921ec3b254"
  integrity sha512-JRgiI/vdF6uyBgyZhVyYJUZAop95Sy4XDe/jmT3R/bKliFWpO/uZBwvSjWEdxwzec7SYbEPNPck0Kff2tUGM2Q==
  dependencies:
    camelcase "^5.0.0"

"when@>= 0.0.1":
  version "3.7.8"
  resolved "https://registry.yarnpkg.com/when/-/when-3.7.8.tgz#c7130b6a7ea04693e842cdc9e7a1f2aa39a39f82"
  integrity sha1-xxMLan6gRpPoQs3J56Hyqjmjn4I=

which@^1.1.1:
  version "1.3.1"
  resolved "https://registry.yarnpkg.com/which/-/which-1.3.1.tgz#a45043d54f5805316da8d62f9f50918d3da70b0a"
  integrity sha512-HxJdYWq1MTIQbJ3nw0cqssHoTNU267KlrDuGZ1WYlxDStUtKUhOaJmh112/TZmHxxUfuJqPXSOm7tDyas0OSIQ==
  dependencies:
    isexe "^2.0.0"
